{
  "name": "cwp-22-2",
  "version": "1.0.0",
  "lockfileVersion": 1,
  "requires": true,
  "dependencies": {
    "@gigaiis/cwp-22-1": {
      "version": "1.0.1",
      "resolved": "https://registry.npmjs.org/@gigaiis/cwp-22-1/-/cwp-22-1-1.0.1.tgz",
      "integrity": "sha512-p74R0XeJUmGrA/vlQ8Kr2KJtP9/I6fuUvdrVB5g/jsngCDykW8pNWd3YVEoLogzon36k6Z0tnEhdq26uPoFzTQ=="
    }
  }
}
